
Microsoft Visual Studio Solution File, Format Version 12.00
# Visual Studio Version 17
VisualStudioVersion = 17.0.31903.59
MinimumVisualStudioVersion = 10.0.40219.1
Project("{2150E333-8FDC-42A3-9474-1A3956D46DE8}") = "Source Code", "Source Code", "{7513E3BC-21E4-4E81-B49A-E621EE49CFD8}"
EndProject
Project("{FAE04EC0-301F-11D3-BF4B-00C04F79EFBC}") = "SAS.APIGateway.GatewayService", "src\SAS.APIGateway.GatewayService\SAS.APIGateway.GatewayService.csproj", "{280C9B7A-BF15-4ADA-81D1-6B8D0FE26A8B}"
EndProject
Project("{2150E333-8FDC-42A3-9474-1A3956D46DE8}") = "GatewayService", "GatewayService", "{A9A01527-F0DC-4D30-8BF4-E1B9BD5A916D}"
EndProject
Global
	GlobalSection(SolutionConfigurationPlatforms) = preSolution
		Debug|Any CPU = Debug|Any CPU
		Release|Any CPU = Release|Any CPU
	EndGlobalSection
	GlobalSection(ProjectConfigurationPlatforms) = postSolution
		{280C9B7A-BF15-4ADA-81D1-6B8D0FE26A8B}.Debug|Any CPU.ActiveCfg = Debug|Any CPU
		{280C9B7A-BF15-4ADA-81D1-6B8D0FE26A8B}.Debug|Any CPU.Build.0 = Debug|Any CPU
		{280C9B7A-BF15-4ADA-81D1-6B8D0FE26A8B}.Release|Any CPU.ActiveCfg = Release|Any CPU
		{280C9B7A-BF15-4ADA-81D1-6B8D0FE26A8B}.Release|Any CPU.Build.0 = Release|Any CPU
	EndGlobalSection
	GlobalSection(SolutionProperties) = preSolution
		HideSolutionNode = FALSE
	EndGlobalSection
	GlobalSection(NestedProjects) = preSolution
		{280C9B7A-BF15-4ADA-81D1-6B8D0FE26A8B} = {A9A01527-F0DC-4D30-8BF4-E1B9BD5A916D}
		{A9A01527-F0DC-4D30-8BF4-E1B9BD5A916D} = {7513E3BC-21E4-4E81-B49A-E621EE49CFD8}
	EndGlobalSection
	GlobalSection(ExtensibilityGlobals) = postSolution
		SolutionGuid = {A9042570-362B-4F2E-8223-E6461E65F256}
	EndGlobalSection
EndGlobal
